
Microsoft Visual Studio Solution File, Format Version 12.00
# Visual Studio Version 16
VisualStudioVersion = 16.0.31005.135
MinimumVisualStudioVersion = 10.0.40219.1
Project("{FAE04EC0-301F-11D3-BF4B-00C04F79EFBC}") = "McShares API", "McShares API\McShares API.csproj", "{38235E42-24D0-4AEF-8ECF-FFAE98BE8CBA}"
EndProject
Global
	GlobalSection(SolutionConfigurationPlatforms) = preSolution
		Debug|Any CPU = Debug|Any CPU
		Release|Any CPU = Release|Any CPU
	EndGlobalSection
	GlobalSection(ProjectConfigurationPlatforms) = postSolution
		{38235E42-24D0-4AEF-8ECF-FFAE98BE8CBA}.Debug|Any CPU.ActiveCfg = Debug|Any CPU
		{38235E42-24D0-4AEF-8ECF-FFAE98BE8CBA}.Debug|Any CPU.Build.0 = Debug|Any CPU
		{38235E42-24D0-4AEF-8ECF-FFAE98BE8CBA}.Release|Any CPU.ActiveCfg = Release|Any CPU
		{38235E42-24D0-4AEF-8ECF-FFAE98BE8CBA}.Release|Any CPU.Build.0 = Release|Any CPU
	EndGlobalSection
	GlobalSection(SolutionProperties) = preSolution
		HideSolutionNode = FALSE
	EndGlobalSection
	GlobalSection(ExtensibilityGlobals) = postSolution
		SolutionGuid = {21A82BDF-6F15-4B8A-8CBB-035315E44AE3}
	EndGlobalSection
EndGlobal
